
Microsoft Visual Studio Solution File, Format Version 12.00
# Visual Studio Version 17
VisualStudioVersion = 17.11.35219.272
MinimumVisualStudioVersion = 10.0.40219.1
Project("{9A19103F-16F7-4668-BE54-9A1E7A4F7556}") = "Task1", "Task1.csproj", "{DD349774-8661-4B1D-9751-5B15A89FE0CA}"
EndProject
Project("{2150E333-8FDC-42A3-9474-1A3956D46DE8}") = "Practical 3..10", "Practical 3..10", "{BD6285DB-7BB1-4256-8295-1211D4671D43}"
EndProject
Project("{9A19103F-16F7-4668-BE54-9A1E7A4F7556}") = "Task2", "Task2\Task2.csproj", "{29144193-9083-453B-B53C-79921FB2006F}"
EndProject
Project("{9A19103F-16F7-4668-BE54-9A1E7A4F7556}") = "Task3", "Task3\Task3.csproj", "{169DD76B-07C0-45A5-8735-ECCECD1AF112}"
EndProject
Project("{FAE04EC0-301F-11D3-BF4B-00C04F79EFBC}") = "Task4", "Task4\Task4.csproj", "{F4B4449C-65FE-415E-B53C-D286AE55E427}"
EndProject
Project("{FAE04EC0-301F-11D3-BF4B-00C04F79EFBC}") = "Task5", "Task5\Task5.csproj", "{D78C747A-1A2C-4BF0-9205-8C0E9F08863F}"
EndProject
Global
	GlobalSection(SolutionConfigurationPlatforms) = preSolution
		Debug|Any CPU = Debug|Any CPU
		Release|Any CPU = Release|Any CPU
	EndGlobalSection
	GlobalSection(ProjectConfigurationPlatforms) = postSolution
		{DD349774-8661-4B1D-9751-5B15A89FE0CA}.Debug|Any CPU.ActiveCfg = Debug|Any CPU
		{DD349774-8661-4B1D-9751-5B15A89FE0CA}.Debug|Any CPU.Build.0 = Debug|Any CPU
		{DD349774-8661-4B1D-9751-5B15A89FE0CA}.Release|Any CPU.ActiveCfg = Release|Any CPU
		{DD349774-8661-4B1D-9751-5B15A89FE0CA}.Release|Any CPU.Build.0 = Release|Any CPU
		{29144193-9083-453B-B53C-79921FB2006F}.Debug|Any CPU.ActiveCfg = Debug|Any CPU
		{29144193-9083-453B-B53C-79921FB2006F}.Debug|Any CPU.Build.0 = Debug|Any CPU
		{29144193-9083-453B-B53C-79921FB2006F}.Release|Any CPU.ActiveCfg = Release|Any CPU
		{29144193-9083-453B-B53C-79921FB2006F}.Release|Any CPU.Build.0 = Release|Any CPU
		{169DD76B-07C0-45A5-8735-ECCECD1AF112}.Debug|Any CPU.ActiveCfg = Debug|Any CPU
		{169DD76B-07C0-45A5-8735-ECCECD1AF112}.Debug|Any CPU.Build.0 = Debug|Any CPU
		{169DD76B-07C0-45A5-8735-ECCECD1AF112}.Release|Any CPU.ActiveCfg = Release|Any CPU
		{169DD76B-07C0-45A5-8735-ECCECD1AF112}.Release|Any CPU.Build.0 = Release|Any CPU
		{F4B4449C-65FE-415E-B53C-D286AE55E427}.Debug|Any CPU.ActiveCfg = Debug|Any CPU
		{F4B4449C-65FE-415E-B53C-D286AE55E427}.Debug|Any CPU.Build.0 = Debug|Any CPU
		{F4B4449C-65FE-415E-B53C-D286AE55E427}.Release|Any CPU.ActiveCfg = Release|Any CPU
		{F4B4449C-65FE-415E-B53C-D286AE55E427}.Release|Any CPU.Build.0 = Release|Any CPU
		{D78C747A-1A2C-4BF0-9205-8C0E9F08863F}.Debug|Any CPU.ActiveCfg = Debug|Any CPU
		{D78C747A-1A2C-4BF0-9205-8C0E9F08863F}.Debug|Any CPU.Build.0 = Debug|Any CPU
		{D78C747A-1A2C-4BF0-9205-8C0E9F08863F}.Release|Any CPU.ActiveCfg = Release|Any CPU
		{D78C747A-1A2C-4BF0-9205-8C0E9F08863F}.Release|Any CPU.Build.0 = Release|Any CPU
	EndGlobalSection
	GlobalSection(SolutionProperties) = preSolution
		HideSolutionNode = FALSE
	EndGlobalSection
	GlobalSection(NestedProjects) = preSolution
		{DD349774-8661-4B1D-9751-5B15A89FE0CA} = {BD6285DB-7BB1-4256-8295-1211D4671D43}
		{29144193-9083-453B-B53C-79921FB2006F} = {BD6285DB-7BB1-4256-8295-1211D4671D43}
		{169DD76B-07C0-45A5-8735-ECCECD1AF112} = {BD6285DB-7BB1-4256-8295-1211D4671D43}
		{F4B4449C-65FE-415E-B53C-D286AE55E427} = {BD6285DB-7BB1-4256-8295-1211D4671D43}
		{D78C747A-1A2C-4BF0-9205-8C0E9F08863F} = {BD6285DB-7BB1-4256-8295-1211D4671D43}
	EndGlobalSection
	GlobalSection(ExtensibilityGlobals) = postSolution
		SolutionGuid = {627CDF9A-0ED1-4A96-B700-5AF0FA8F853B}
	EndGlobalSection
EndGlobal
