
Microsoft Visual Studio Solution File, Format Version 12.00
# Visual Studio Version 17
VisualStudioVersion = 17.11.35219.272
MinimumVisualStudioVersion = 10.0.40219.1
Project("{FAE04EC0-301F-11D3-BF4B-00C04F79EFBC}") = "ConsoleApp(Practical1.4)", "ConsoleApp(Practical1.4).csproj", "{416BEA22-BC84-4AB8-8B04-DFD1F1E76E06}"
EndProject
Global
	GlobalSection(SolutionConfigurationPlatforms) = preSolution
		Debug|Any CPU = Debug|Any CPU
		Release|Any CPU = Release|Any CPU
	EndGlobalSection
	GlobalSection(ProjectConfigurationPlatforms) = postSolution
		{416BEA22-BC84-4AB8-8B04-DFD1F1E76E06}.Debug|Any CPU.ActiveCfg = Debug|Any CPU
		{416BEA22-BC84-4AB8-8B04-DFD1F1E76E06}.Debug|Any CPU.Build.0 = Debug|Any CPU
		{416BEA22-BC84-4AB8-8B04-DFD1F1E76E06}.Release|Any CPU.ActiveCfg = Release|Any CPU
		{416BEA22-BC84-4AB8-8B04-DFD1F1E76E06}.Release|Any CPU.Build.0 = Release|Any CPU
	EndGlobalSection
	GlobalSection(SolutionProperties) = preSolution
		HideSolutionNode = FALSE
	EndGlobalSection
	GlobalSection(ExtensibilityGlobals) = postSolution
		SolutionGuid = {9A03AF36-D663-4E13-A30A-109D6D4EBEF7}
	EndGlobalSection
EndGlobal
