
Microsoft Visual Studio Solution File, Format Version 12.00
# Visual Studio Version 17
VisualStudioVersion = 17.11.35219.272
MinimumVisualStudioVersion = 10.0.40219.1
Project("{FAE04EC0-301F-11D3-BF4B-00C04F79EFBC}") = "Practical2.7", "Practical2.7.csproj", "{AD25FFDE-750B-4E93-9ADF-5EB648A9CCAA}"
EndProject
Global
	GlobalSection(SolutionConfigurationPlatforms) = preSolution
		Debug|Any CPU = Debug|Any CPU
		Release|Any CPU = Release|Any CPU
	EndGlobalSection
	GlobalSection(ProjectConfigurationPlatforms) = postSolution
		{AD25FFDE-750B-4E93-9ADF-5EB648A9CCAA}.Debug|Any CPU.ActiveCfg = Debug|Any CPU
		{AD25FFDE-750B-4E93-9ADF-5EB648A9CCAA}.Debug|Any CPU.Build.0 = Debug|Any CPU
		{AD25FFDE-750B-4E93-9ADF-5EB648A9CCAA}.Release|Any CPU.ActiveCfg = Release|Any CPU
		{AD25FFDE-750B-4E93-9ADF-5EB648A9CCAA}.Release|Any CPU.Build.0 = Release|Any CPU
	EndGlobalSection
	GlobalSection(SolutionProperties) = preSolution
		HideSolutionNode = FALSE
	EndGlobalSection
	GlobalSection(ExtensibilityGlobals) = postSolution
		SolutionGuid = {D158498E-E281-4DD9-99BA-8938BA590B6A}
	EndGlobalSection
EndGlobal
